github.com/hayride-dev/bindings v0.0.60 h1:WyM71DxTTGjSIYOgp7N76GcsSI+jLQB2TsYGtfSSYEI=
github.com/hayride-dev/bindings v0.0.60/go.mod h1:kHCyeSMdu2HSfyP8kTdtpxNu0DxQhc8Nvvx1oP0OvSk=
go.bytecodealliance.org/cm v0.2.2 h1:M9iHS6qs884mbQbIjtLX1OifgyPG9DuMs2iwz8G4WQA=
go.bytecodealliance.org/cm v0.2.2/go.mod h1:JD5vtVNZv7sBoQQkvBvAAVKJPhR/bqBH7yYXTItMfZI=
