github.com/hayride-dev/bindings v0.0.31 h1:f1JIzQJ2u15u9VR7DzaxN8CAFAUh77BzVCzCBwevYs4=
github.com/hayride-dev/bindings v0.0.31/go.mod h1:v04DWJHecixRqG+FSz9rQPDqQg0SZdGlhgzlu/xGSug=
go.bytecodealliance.org/cm v0.2.2 h1:M9iHS6qs884mbQbIjtLX1OifgyPG9DuMs2iwz8G4WQA=
go.bytecodealliance.org/cm v0.2.2/go.mod h1:JD5vtVNZv7sBoQQkvBvAAVKJPhR/bqBH7yYXTItMfZI=
