github.com/hayride-dev/bindings v0.0.55 h1:cXw1CYpZBu4T8ckknXhbOa3xQGDZcYw6oGPNefm48YI=
github.com/hayride-dev/bindings v0.0.55/go.mod h1:v04DWJHecixRqG+FSz9rQPDqQg0SZdGlhgzlu/xGSug=
github.com/hayride-dev/morphs/components/ai/tools/datetime v0.0.0-20250728143543-01d2ed778818 h1:GnnbCyljA08RRmFi4dLzDTVpt1yXh947BMcxAgUOMXo=
github.com/hayride-dev/morphs/components/ai/tools/datetime v0.0.0-20250728143543-01d2ed778818/go.mod h1:hpxOg02kM8OIF1J6PCwsRSqN1SBPTaPbo762hkITHa8=
go.bytecodealliance.org/cm v0.2.2 h1:M9iHS6qs884mbQbIjtLX1OifgyPG9DuMs2iwz8G4WQA=
go.bytecodealliance.org/cm v0.2.2/go.mod h1:JD5vtVNZv7sBoQQkvBvAAVKJPhR/bqBH7yYXTItMfZI=
