github.com/hayride-dev/bindings v0.0.49 h1:denEo8dJnENN3Jlvn4yAPkYXOXhiT3UKJ6K3oGwwbbw=
github.com/hayride-dev/bindings v0.0.49/go.mod h1:v04DWJHecixRqG+FSz9rQPDqQg0SZdGlhgzlu/xGSug=
go.bytecodealliance.org/cm v0.2.2 h1:M9iHS6qs884mbQbIjtLX1OifgyPG9DuMs2iwz8G4WQA=
go.bytecodealliance.org/cm v0.2.2/go.mod h1:JD5vtVNZv7sBoQQkvBvAAVKJPhR/bqBH7yYXTItMfZI=
