github.com/hayride-dev/bindings v0.0.61 h1:WAwRoLln26sVk7dvzBVuuQ5knq+XnGtpwD/JMrvXvzg=
github.com/hayride-dev/bindings v0.0.61/go.mod h1:kHCyeSMdu2HSfyP8kTdtpxNu0DxQhc8Nvvx1oP0OvSk=
github.com/hayride-dev/morphs/components/util/datetime v0.0.0-20250812195818-00f50f386e3c h1:KcAyvq61tU/KHio4LD6u+y2muV3j8vdnM34DYZIjCh4=
github.com/hayride-dev/morphs/components/util/datetime v0.0.0-20250812195818-00f50f386e3c/go.mod h1:s+P0v+DhC9Z3eBE3/L3x5v6c6MOMrHUffj5taurtg+U=
go.bytecodealliance.org/cm v0.2.2 h1:M9iHS6qs884mbQbIjtLX1OifgyPG9DuMs2iwz8G4WQA=
go.bytecodealliance.org/cm v0.2.2/go.mod h1:JD5vtVNZv7sBoQQkvBvAAVKJPhR/bqBH7yYXTItMfZI=
