github.com/hayride-dev/bindings v0.0.56 h1:B/asrUUuUdvqu075TSyOy4i9BTjgj3lfvUw96r1sq98=
github.com/hayride-dev/bindings v0.0.56/go.mod h1:v04DWJHecixRqG+FSz9rQPDqQg0SZdGlhgzlu/xGSug=
github.com/hayride-dev/morphs/components/ai/tools/datetime v0.0.0-20250804175034-e21a389ac7c6 h1:c3vpeFcqSfCKVibEzMi3VzZIIC9tKNFYz7FRCwOxRtE=
github.com/hayride-dev/morphs/components/ai/tools/datetime v0.0.0-20250804175034-e21a389ac7c6/go.mod h1:hpxOg02kM8OIF1J6PCwsRSqN1SBPTaPbo762hkITHa8=
go.bytecodealliance.org/cm v0.3.0 h1:VhV+4vjZPUGCozCg9+up+FNL3YU6XR+XKghk7kQ0vFc=
go.bytecodealliance.org/cm v0.3.0/go.mod h1:JD5vtVNZv7sBoQQkvBvAAVKJPhR/bqBH7yYXTItMfZI=
