[ai]
url = "https://github.com/hayride-dev/coven/releases/download/v0.0.44/hayride_ai_v0.0.44.tar.gz"
sha256 = "a0ff2ad87bddbe138f4966c03a1a3ce9d16c49d225638b6b37a00d9693d347a1"
sha512 = "4d62fd7256004ba08b1dd20b3e1d2e4b4ad8db39c9c20c42db45dddca4b92799645a113f41f4963642e700aae5239d3b67de22fcf4b497764fddbb9fbc40689f"
deps = ["io", "wasi-nn"]

[cli]
sha256 = "285865a31d777181b075f39e92bcfe59c89cd6bacce660be1b9a627646956258"
sha512 = "da2622210a9e3eea82b99f1a5b8a44ce5443d009cb943f7bca0bf9cf4360829b289913d7ee727c011f0f72994ea7dc8e661ebcc0a6b34b587297d80cd9b3f7e8"

[clocks]
sha256 = "468b4d12892fe926b8eb5d398dbf579d566c93231fa44f415440572c695b7613"
sha512 = "e6b53a07221f1413953c9797c68f08b815fdaebf66419bbc1ea3e8b7dece73731062693634731f311a03957b268cf9cc509c518bd15e513c318aa04a8459b93a"

[datetime]
path = "../../tools/datetime/wit"
sha256 = "7662f9520cd2c6ad137f2ad7fa6ec81cd6ad1d36e0794a3893bc0f2e815f9ef1"
sha512 = "79be65770f7b4868cbbf9cb6b3b4d987087abba051dc86871af6d603e7007d7a7eaf2a63570b6f121220729d82a583dc752fe39579809f67d0506e24bca5b9f8"

[filesystem]
sha256 = "498c465cfd04587db40f970fff2185daa597d074c20b68a8bcbae558f261499b"
sha512 = "ead452f9b7bfb88593a502ec00d76d4228003d51c40fd0408aebc32d35c94673551b00230d730873361567cc209ec218c41fb4e95bad194268592c49e7964347"

[io]
sha256 = "7210e5653539a15478f894d4da24cc69d61924cbcba21d2804d69314a88e5a4c"
sha512 = "49184a1b0945a889abd52d25271172ed3dc2db6968fcdddb1bab7ee0081f4a3eeee0977ad2291126a37631c0d86eeea75d822fa8af224c422134500bf9f0f2bb"

[random]
sha256 = "7371d03c037d924caba2587fb2e7c5773a0d3c5fcecbf7971e0e0ba57973c53d"
sha512 = "964c4e8925a53078e4d94ba907b54f89a0b7e154f46823a505391471466c17f53c8692682e5c85771712acd88b348686173fc07c53a3cfe3d301b8cd8ddd0de4"

[sockets]
sha256 = "622bd28bbeb43736375dc02bd003fd3a016ff8ee91e14bab488325c6b38bf966"
sha512 = "5a63c1f36de0c4548e1d2297bdbededb28721cbad94ef7825c469eae29d7451c97e00b4c1d6730ee1ec0c4a5aac922961a2795762d4a0c3bb54e30a391a84bae"

[wasi-nn]
sha256 = "84915550361306ea4c219ac3a3ca007f43fe1b96b52e6f85e88d794c8fea5509"
sha512 = "711dc0d2c10672cd59016ad2c41e0d8183dced28690a1dbd62a2946db85371da34d6283d82a11c5fdce72ac724b63e31f2e59cc1e2cd49e37cc6b024998362c3"

[wasip2]
url = "https://github.com/hayride-dev/coven/releases/download/v0.0.44/hayride_wasip2_v0.0.44.tar.gz"
sha256 = "dffee37c91e0106bb12ae5404c58899b313b55144582436c92a3d7d6811642a3"
sha512 = "fafa47628e1c6b0b3e8b4a5d3fd4ff2004affc94baeeafbe654f66f7b49c4df5c74ed0ab2f90ea411579f545df2c7cd3735ecb5a8e83900a4af5e4fdf8094caf"
deps = ["cli", "clocks", "filesystem", "io", "random", "sockets"]
