github.com/hayride-dev/bindings v0.0.21 h1:0sAHR1Exej9IkxdTHQQTXzUhISD+Jt5NFcHVjXyqD2k=
github.com/hayride-dev/bindings v0.0.21/go.mod h1:mD6pamNImP9PyKYL4a/itansZIp7uxnOMJ4ba+rHslI=
go.bytecodealliance.org/cm v0.1.0 h1:78Rk4d5rgir5Hm+LMFpDWhjmFBWrKDFPSKUwDBj+nwo=
go.bytecodealliance.org/cm v0.1.0/go.mod h1:NZ2UT0DyGhBfpIPOxPMCuG6g1YTR4YF3xweD7mHX5VQ=
